
Microsoft Visual Studio Solution File, Format Version 12.00
# Visual Studio Version 17
VisualStudioVersion = 17.12.35323.107
MinimumVisualStudioVersion = 10.0.40219.1
Project("{FAE04EC0-301F-11D3-BF4B-00C04F79EFBC}") = "GymGestor.Ui", "GymGestor1.5\GymGestor.Ui.csproj", "{3AB3E923-0009-40AE-9458-A0A00CC969A3}"
EndProject
Global
	GlobalSection(SolutionConfigurationPlatforms) = preSolution
		Debug|Any CPU = Debug|Any CPU
		Release|Any CPU = Release|Any CPU
	EndGlobalSection
	GlobalSection(ProjectConfigurationPlatforms) = postSolution
		{3AB3E923-0009-40AE-9458-A0A00CC969A3}.Debug|Any CPU.ActiveCfg = Debug|Any CPU
		{3AB3E923-0009-40AE-9458-A0A00CC969A3}.Debug|Any CPU.Build.0 = Debug|Any CPU
		{3AB3E923-0009-40AE-9458-A0A00CC969A3}.Release|Any CPU.ActiveCfg = Release|Any CPU
		{3AB3E923-0009-40AE-9458-A0A00CC969A3}.Release|Any CPU.Build.0 = Release|Any CPU
	EndGlobalSection
	GlobalSection(SolutionProperties) = preSolution
		HideSolutionNode = FALSE
	EndGlobalSection
	GlobalSection(ExtensibilityGlobals) = postSolution
		SolutionGuid = {1A82D004-EC03-463D-838C-AB6CAE92BA9B}
	EndGlobalSection
EndGlobal
